
Microsoft Visual Studio Solution File, Format Version 12.00
# Visual Studio Version 17
VisualStudioVersion = 17.9.34723.18
MinimumVisualStudioVersion = 10.0.40219.1
Project("{FAE04EC0-301F-11D3-BF4B-00C04F79EFBC}") = "asignatura1.1", "asignatura1.1\asignatura1.1.csproj", "{560E5494-2964-4ABB-8878-85A39C1BE323}"
EndProject
Global
	GlobalSection(SolutionConfigurationPlatforms) = preSolution
		Debug|Any CPU = Debug|Any CPU
		Release|Any CPU = Release|Any CPU
	EndGlobalSection
	GlobalSection(ProjectConfigurationPlatforms) = postSolution
		{560E5494-2964-4ABB-8878-85A39C1BE323}.Debug|Any CPU.ActiveCfg = Debug|Any CPU
		{560E5494-2964-4ABB-8878-85A39C1BE323}.Debug|Any CPU.Build.0 = Debug|Any CPU
		{560E5494-2964-4ABB-8878-85A39C1BE323}.Release|Any CPU.ActiveCfg = Release|Any CPU
		{560E5494-2964-4ABB-8878-85A39C1BE323}.Release|Any CPU.Build.0 = Release|Any CPU
	EndGlobalSection
	GlobalSection(SolutionProperties) = preSolution
		HideSolutionNode = FALSE
	EndGlobalSection
	GlobalSection(ExtensibilityGlobals) = postSolution
		SolutionGuid = {1F3B48C6-221C-4AD4-9477-C151B1BCEDDE}
	EndGlobalSection
EndGlobal
